lockfileVersion: '9.0'

settings:
  autoInstallPeers: true
  excludeLinksFromLockfile: false

importers:

  .:
    dependencies:
      jose:
        specifier: ^5.4.1
        version: 5.4.1
      oslo:
        specifier: ^1.2.0
        version: 1.2.0
    devDependencies:
      '@supabase/supabase-js':
        specifier: ^2.44.0
        version: 2.44.0

packages:

  '@emnapi/core@0.45.0':
    resolution: {integrity: sha512-DPWjcUDQkCeEM4VnljEOEcXdAD7pp8zSZsgOujk/LGIwCXWbXJngin+MO4zbH429lzeC3WbYLGjE2MaUOwzpyw==}

  '@emnapi/runtime@0.45.0':
    resolution: {integrity: sha512-Txumi3td7J4A/xTTwlssKieHKTGl3j4A1tglBx72auZ49YK7ePY6XZricgIg9mnZT4xPfA+UPCUdnhRuEFDL+w==}

  '@node-rs/argon2-android-arm-eabi@1.7.0':
    resolution: {integrity: sha512-udDqkr5P9E+wYX1SZwAVPdyfYvaF4ry9Tm+R9LkfSHbzWH0uhU6zjIwNRp7m+n4gx691rk+lqqDAIP8RLKwbhg==}
    engines: {node: '>= 10'}
    cpu: [arm]
    os: [android]

  '@node-rs/argon2-android-arm64@1.7.0':
    resolution: {integrity: sha512-s9j/G30xKUx8WU50WIhF0fIl1EdhBGq0RQ06lEhZ0Gi0ap8lhqbE2Bn5h3/G2D1k0Dx+yjeVVNmt/xOQIRG38A==}
    engines: {node: '>= 10'}
    cpu: [arm64]
    os: [android]

  '@node-rs/argon2-darwin-arm64@1.7.0':
    resolution: {integrity: sha512-ZIz4L6HGOB9U1kW23g+m7anGNuTZ0RuTw0vNp3o+2DWpb8u8rODq6A8tH4JRL79S+Co/Nq608m9uackN2pe0Rw==}
    engines: {node: '>= 10'}
    cpu: [arm64]
    os: [darwin]

  '@node-rs/argon2-darwin-x64@1.7.0':
    resolution: {integrity: sha512-5oi/pxqVhODW/pj1+3zElMTn/YukQeywPHHYDbcAW3KsojFjKySfhcJMd1DjKTc+CHQI+4lOxZzSUzK7mI14Hw==}
    engines: {node: '>= 10'}
    cpu: [x64]
    os: [darwin]

  '@node-rs/argon2-freebsd-x64@1.7.0':
    resolution: {integrity: sha512-Ify08683hA4QVXYoIm5SUWOY5DPIT/CMB0CQT+IdxQAg/F+qp342+lUkeAtD5bvStQuCx/dFO3bnnzoe2clMhA==}
    engines: {node: '>= 10'}
    cpu: [x64]
    os: [freebsd]

  '@node-rs/argon2-linux-arm-gnueabihf@1.7.0':
    resolution: {integrity: sha512-7DjDZ1h5AUHAtRNjD19RnQatbhL+uuxBASuuXIBu4/w6Dx8n7YPxwTP4MXfsvuRgKuMWiOb/Ub/HJ3kXVCXRkg==}
    engines: {node: '>= 10'}
    cpu: [arm]
    os: [linux]

  '@node-rs/argon2-linux-arm64-gnu@1.7.0':
    resolution: {integrity: sha512-nJDoMP4Y3YcqGswE4DvP080w6O24RmnFEDnL0emdI8Nou17kNYBzP2546Nasx9GCyLzRcYQwZOUjrtUuQ+od2g==}
    engines: {node: '>= 10'}
    cpu: [arm64]
    os: [linux]

  '@node-rs/argon2-linux-arm64-musl@1.7.0':
    resolution: {integrity: sha512-BKWS8iVconhE3jrb9mj6t1J9vwUqQPpzCbUKxfTGJfc+kNL58F1SXHBoe2cDYGnHrFEHTY0YochzXoAfm4Dm/A==}
    engines: {node: '>= 10'}
    cpu: [arm64]
    os: [linux]

  '@node-rs/argon2-linux-x64-gnu@1.7.0':
    resolution: {integrity: sha512-EmgqZOlf4Jurk/szW1iTsVISx25bKksVC5uttJDUloTgsAgIGReCpUUO1R24pBhu9ESJa47iv8NSf3yAfGv6jQ==}
    engines: {node: '>= 10'}
    cpu: [x64]
    os: [linux]

  '@node-rs/argon2-linux-x64-musl@1.7.0':
    resolution: {integrity: sha512-/o1efYCYIxjfuoRYyBTi2Iy+1iFfhqHCvvVsnjNSgO1xWiWrX0Rrt/xXW5Zsl7vS2Y+yu8PL8KFWRzZhaVxfKA==}
    engines: {node: '>= 10'}
    cpu: [x64]
    os: [linux]

  '@node-rs/argon2-wasm32-wasi@1.7.0':
    resolution: {integrity: sha512-Evmk9VcxqnuwQftfAfYEr6YZYSPLzmKUsbFIMep5nTt9PT4XYRFAERj7wNYp+rOcBenF3X4xoB+LhwcOMTNE5w==}
    engines: {node: '>=14.0.0'}
    cpu: [wasm32]

  '@node-rs/argon2-win32-arm64-msvc@1.7.0':
    resolution: {integrity: sha512-qgsU7T004COWWpSA0tppDqDxbPLgg8FaU09krIJ7FBl71Sz8SFO40h7fDIjfbTT5w7u6mcaINMQ5bSHu75PCaA==}
    engines: {node: '>= 10'}
    cpu: [arm64]
    os: [win32]

  '@node-rs/argon2-win32-ia32-msvc@1.7.0':
    resolution: {integrity: sha512-JGafwWYQ/HpZ3XSwP4adQ6W41pRvhcdXvpzIWtKvX+17+xEXAe2nmGWM6s27pVkg1iV2ZtoYLRDkOUoGqZkCcg==}
    engines: {node: '>= 10'}
    cpu: [ia32]
    os: [win32]

  '@node-rs/argon2-win32-x64-msvc@1.7.0':
    resolution: {integrity: sha512-9oq4ShyFakw8AG3mRls0AoCpxBFcimYx7+jvXeAf2OqKNO+mSA6eZ9z7KQeVCi0+SOEUYxMGf5UiGiDb9R6+9Q==}
    engines: {node: '>= 10'}
    cpu: [x64]
    os: [win32]

  '@node-rs/argon2@1.7.0':
    resolution: {integrity: sha512-zfULc+/tmcWcxn+nHkbyY8vP3+MpEqKORbszt4UkpqZgBgDAAIYvuDN/zukfTgdmo6tmJKKVfzigZOPk4LlIog==}
    engines: {node: '>= 10'}

  '@node-rs/bcrypt-android-arm-eabi@1.9.0':
    resolution: {integrity: sha512-nOCFISGtnodGHNiLrG0WYLWr81qQzZKYfmwHc7muUeq+KY0sQXyHOwZk9OuNQAWv/lnntmtbwkwT0QNEmOyLvA==}
    engines: {node: '>= 10'}
    cpu: [arm]
    os: [android]

  '@node-rs/bcrypt-android-arm64@1.9.0':
    resolution: {integrity: sha512-+ZrIAtigVmjYkqZQTThHVlz0+TG6D+GDHWhVKvR2DifjtqJ0i+mb9gjo++hN+fWEQdWNGxKCiBBjwgT4EcXd6A==}
    engines: {node: '>= 10'}
    cpu: [arm64]
    os: [android]

  '@node-rs/bcrypt-darwin-arm64@1.9.0':
    resolution: {integrity: sha512-CQiS+F9Pa0XozvkXR1g7uXE9QvBOPOplDg0iCCPRYTN9PqA5qYxhwe48G3o+v2UeQceNRrbnEtWuANm7JRqIhw==}
    engines: {node: '>= 10'}
    cpu: [arm64]
    os: [darwin]

  '@node-rs/bcrypt-darwin-x64@1.9.0':
    resolution: {integrity: sha512-4pTKGawYd7sNEjdJ7R/R67uwQH1VvwPZ0SSUMmeNHbxD5QlwAPXdDH11q22uzVXsvNFZ6nGQBg8No5OUGpx6Ug==}
    engines: {node: '>= 10'}
    cpu: [x64]
    os: [darwin]

  '@node-rs/bcrypt-freebsd-x64@1.9.0':
    resolution: {integrity: sha512-UmWzySX4BJhT/B8xmTru6iFif3h0Rpx3TqxRLCcbgmH43r7k5/9QuhpiyzpvKGpKHJCFNm4F3rC2wghvw5FCIg==}
    engines: {node: '>= 10'}
    cpu: [x64]
    os: [freebsd]

  '@node-rs/bcrypt-linux-arm-gnueabihf@1.9.0':
    resolution: {integrity: sha512-8qoX4PgBND2cVwsbajoAWo3NwdfJPEXgpCsZQZURz42oMjbGyhhSYbovBCskGU3EBLoC8RA2B1jFWooeYVn5BA==}
    engines: {node: '>= 10'}
    cpu: [arm]
    os: [linux]

  '@node-rs/bcrypt-linux-arm64-gnu@1.9.0':
    resolution: {integrity: sha512-TuAC6kx0SbcIA4mSEWPi+OCcDjTQUMl213v5gMNlttF+D4ieIZx6pPDGTaMO6M2PDHTeCG0CBzZl0Lu+9b0c7Q==}
    engines: {node: '>= 10'}
    cpu: [arm64]
    os: [linux]

  '@node-rs/bcrypt-linux-arm64-musl@1.9.0':
    resolution: {integrity: sha512-/sIvKDABOI8QOEnLD7hIj02BVaNOuCIWBKvxcJOt8+TuwJ6zmY1UI5kSv9d99WbiHjTp97wtAUbZQwauU4b9ew==}
    engines: {node: '>= 10'}
    cpu: [arm64]
    os: [linux]

  '@node-rs/bcrypt-linux-x64-gnu@1.9.0':
    resolution: {integrity: sha512-DyyhDHDsLBsCKz1tZ1hLvUZSc1DK0FU0v52jK6IBQxrj24WscSU9zZe7ie/V9kdmA4Ep57BfpWX8Dsa2JxGdgQ==}
    engines: {node: '>= 10'}
    cpu: [x64]
    os: [linux]

  '@node-rs/bcrypt-linux-x64-musl@1.9.0':
    resolution: {integrity: sha512-duIiuqQ+Lew8ASSAYm6ZRqcmfBGWwsi81XLUwz86a2HR7Qv6V4yc3ZAUQovAikhjCsIqe8C11JlAZSK6+PlXYg==}
    engines: {node: '>= 10'}
    cpu: [x64]
    os: [linux]

  '@node-rs/bcrypt-wasm32-wasi@1.9.0':
    resolution: {integrity: sha512-ylaGmn9Wjwv/D5lxtawttx3H6Uu2WTTR7lWlRHGT6Ga/MB1Vj4OjSGUW8G8zIVnKuXpGbZ92pgHlt4HUpSLctw==}
    engines: {node: '>=14.0.0'}
    cpu: [wasm32]

  '@node-rs/bcrypt-win32-arm64-msvc@1.9.0':
    resolution: {integrity: sha512-2h86gF7QFyEzODuDFml/Dp1MSJoZjxJ4yyT2Erf4NkwsiA5MqowUhUsorRwZhX6+2CtlGa7orbwi13AKMsYndw==}
    engines: {node: '>= 10'}
    cpu: [arm64]
    os: [win32]

  '@node-rs/bcrypt-win32-ia32-msvc@1.9.0':
    resolution: {integrity: sha512-kqxalCvhs4FkN0+gWWfa4Bdy2NQAkfiqq/CEf6mNXC13RSV673Ev9V8sRlQyNpCHCNkeXfOT9pgoBdJmMs9muA==}
    engines: {node: '>= 10'}
    cpu: [ia32]
    os: [win32]

  '@node-rs/bcrypt-win32-x64-msvc@1.9.0':
    resolution: {integrity: sha512-2y0Tuo6ZAT2Cz8V7DHulSlv1Bip3zbzeXyeur+uR25IRNYXKvI/P99Zl85Fbuu/zzYAZRLLlGTRe6/9IHofe/w==}
    engines: {node: '>= 10'}
    cpu: [x64]
    os: [win32]

  '@node-rs/bcrypt@1.9.0':
    resolution: {integrity: sha512-u2OlIxW264bFUfvbFqDz9HZKFjwe8FHFtn7T/U8mYjPZ7DWYpbUB+/dkW/QgYfMSfR0ejkyuWaBBe0coW7/7ig==}
    engines: {node: '>= 10'}

  '@supabase/auth-js@2.64.2':
    resolution: {integrity: sha512-s+lkHEdGiczDrzXJ1YWt2y3bxRi+qIUnXcgkpLSrId7yjBeaXBFygNjTaoZLG02KNcYwbuZ9qkEIqmj2hF7svw==}

  '@supabase/functions-js@2.4.1':
    resolution: {integrity: sha512-8sZ2ibwHlf+WkHDUZJUXqqmPvWQ3UHN0W30behOJngVh/qHHekhJLCFbh0AjkE9/FqqXtf9eoVvmYgfCLk5tNA==}

  '@supabase/node-fetch@2.6.15':
    resolution: {integrity: sha512-1ibVeYUacxWYi9i0cf5efil6adJ9WRyZBLivgjs+AUpewx1F3xPi7gLgaASI2SmIQxPoCEjAsLAzKPgMJVgOUQ==}
    engines: {node: 4.x || >=6.0.0}

  '@supabase/postgrest-js@1.15.6':
    resolution: {integrity: sha512-zg3URVhoHOijdqMyn3LIFHh+Pqj5BmRqWAaoSExzIHc4m0kGBMPMjDcleamGhbelAAiKbjpQ04mBgooDliGl5A==}

  '@supabase/realtime-js@2.10.1':
    resolution: {integrity: sha512-SrrXxE8xgwWvjREQMkC9LIHIoCQde+OqkFPKP2s/O0ROjhmJ/iXeLvoWhAzXh9gwire4oaK14/ncL/iRiaVWQw==}

  '@supabase/storage-js@2.6.0':
    resolution: {integrity: sha512-REAxr7myf+3utMkI2oOmZ6sdplMZZ71/2NEIEMBZHL9Fkmm3/JnaOZVSRqvG4LStYj2v5WhCruCzuMn6oD/Drw==}

  '@supabase/supabase-js@2.44.0':
    resolution: {integrity: sha512-SzMvAgSVuPzx7itiYiascXAVBqTcZ9zX3ONIdhZEWKUEgWaJftfPyVvz+PMYznK77miSMuy1f4geAvPElyiS2g==}

  '@tybys/wasm-util@0.8.3':
    resolution: {integrity: sha512-Z96T/L6dUFFxgFJ+pQtkPpne9q7i6kIPYCFnQBHSgSPV9idTsKfIhCss0h5iM9irweZCatkrdeP8yi5uM1eX6Q==}

  '@types/node@20.14.9':
    resolution: {integrity: sha512-06OCtnTXtWOZBJlRApleWndH4JsRVs1pDCc8dLSQp+7PpUpX3ePdHyeNSFTeSe7FtKyQkrlPvHwJOW3SLd8Oyg==}

  '@types/phoenix@1.6.5':
    resolution: {integrity: sha512-xegpDuR+z0UqG9fwHqNoy3rI7JDlvaPh2TY47Fl80oq6g+hXT+c/LEuE43X48clZ6lOfANl5WrPur9fYO1RJ/w==}

  '@types/ws@8.5.10':
    resolution: {integrity: sha512-vmQSUcfalpIq0R9q7uTo2lXs6eGIpt9wtnLdMv9LVpIjCA/+ufZRozlVoVelIYixx1ugCBKDhn89vnsEGOCx9A==}

  fs-monkey@1.0.6:
    resolution: {integrity: sha512-b1FMfwetIKymC0eioW7mTywihSQE4oLzQn1dB6rZB5fx/3NpNEdAWeCSMB+60/AeT0TCXsxzAlcYVEFCTAksWg==}

  jose@5.4.1:
    resolution: {integrity: sha512-U6QajmpV/nhL9SyfAewo000fkiRQ+Yd2H0lBxJJ9apjpOgkOcBQJWOrMo917lxLptdS/n/o/xPzMkXhF46K8hQ==}

  memfs-browser@3.5.10302:
    resolution: {integrity: sha512-JJTc/nh3ig05O0gBBGZjTCPOyydaTxNF0uHYBrcc1gHNnO+KIHIvo0Y1FKCJsaei6FCl8C6xfQomXqu+cuzkIw==}

  memfs@3.5.3:
    resolution: {integrity: sha512-UERzLsxzllchadvbPs5aolHh65ISpKpM+ccLbOJ8/vvpBKmAWf+la7dXFy7Mr0ySHbdHrFv5kGFCUHHe6GFEmw==}
    engines: {node: '>= 4.0.0'}

  oslo@1.2.0:
    resolution: {integrity: sha512-OoFX6rDsNcOQVAD2gQD/z03u4vEjWZLzJtwkmgfRF+KpQUXwdgEXErD7zNhyowmHwHefP+PM9Pw13pgpHMRlzw==}

  tr46@0.0.3:
    resolution: {integrity: sha512-N3WMsuqV66lT30CrXNbEjx4GEwlow3v6rr4mCcv6prnfwhS01rkgyFdjPNBYd9br7LpXV1+Emh01fHnq2Gdgrw==}

  tslib@2.6.3:
    resolution: {integrity: sha512-xNvxJEOUiWPGhUuUdQgAJPKOOJfGnIyKySOc09XkKsgdUV/3E2zvwZYdejjmRgPCgcym1juLH3226yA7sEFJKQ==}

  undici-types@5.26.5:
    resolution: {integrity: sha512-JlCMO+ehdEIKqlFxk6IfVoAUVmgz7cU7zD/h9XZ0qzeosSHmUJVOzSQvvYSYWXkFXC+IfLKSIffhv0sVZup6pA==}

  webidl-conversions@3.0.1:
    resolution: {integrity: sha512-2JAn3z8AR6rjK8Sm8orRC0h/bcl/DqL7tRPdGZ4I1CjdF+EaMLmYxBHyXuKL849eucPFhvBoxMsflfOb8kxaeQ==}

  whatwg-url@5.0.0:
    resolution: {integrity: sha512-saE57nupxk6v3HY35+jzBwYa0rKSy0XR8JSxZPwgLr7ys0IBzhGviA1/TUGJLmSVqs8pb9AnvICXEuOHLprYTw==}

  ws@8.17.1:
    resolution: {integrity: sha512-6XQFvXTkbfUOZOKKILFG1PDK2NDQs4azKQl26T0YS5CxqWLgXajbPZ+h4gZekJyRqFU8pvnbAbbs/3TgRPy+GQ==}
    engines: {node: '>=10.0.0'}
    peerDependencies:
      bufferutil: ^4.0.1
      utf-8-validate: '>=5.0.2'
    peerDependenciesMeta:
      bufferutil:
        optional: true
      utf-8-validate:
        optional: true

snapshots:

  '@emnapi/core@0.45.0':
    dependencies:
      tslib: 2.6.3
    optional: true

  '@emnapi/runtime@0.45.0':
    dependencies:
      tslib: 2.6.3
    optional: true

  '@node-rs/argon2-android-arm-eabi@1.7.0':
    optional: true

  '@node-rs/argon2-android-arm64@1.7.0':
    optional: true

  '@node-rs/argon2-darwin-arm64@1.7.0':
    optional: true

  '@node-rs/argon2-darwin-x64@1.7.0':
    optional: true

  '@node-rs/argon2-freebsd-x64@1.7.0':
    optional: true

  '@node-rs/argon2-linux-arm-gnueabihf@1.7.0':
    optional: true

  '@node-rs/argon2-linux-arm64-gnu@1.7.0':
    optional: true

  '@node-rs/argon2-linux-arm64-musl@1.7.0':
    optional: true

  '@node-rs/argon2-linux-x64-gnu@1.7.0':
    optional: true

  '@node-rs/argon2-linux-x64-musl@1.7.0':
    optional: true

  '@node-rs/argon2-wasm32-wasi@1.7.0':
    dependencies:
      '@emnapi/core': 0.45.0
      '@emnapi/runtime': 0.45.0
      '@tybys/wasm-util': 0.8.3
      memfs-browser: 3.5.10302
    optional: true

  '@node-rs/argon2-win32-arm64-msvc@1.7.0':
    optional: true

  '@node-rs/argon2-win32-ia32-msvc@1.7.0':
    optional: true

  '@node-rs/argon2-win32-x64-msvc@1.7.0':
    optional: true

  '@node-rs/argon2@1.7.0':
    optionalDependencies:
      '@node-rs/argon2-android-arm-eabi': 1.7.0
      '@node-rs/argon2-android-arm64': 1.7.0
      '@node-rs/argon2-darwin-arm64': 1.7.0
      '@node-rs/argon2-darwin-x64': 1.7.0
      '@node-rs/argon2-freebsd-x64': 1.7.0
      '@node-rs/argon2-linux-arm-gnueabihf': 1.7.0
      '@node-rs/argon2-linux-arm64-gnu': 1.7.0
      '@node-rs/argon2-linux-arm64-musl': 1.7.0
      '@node-rs/argon2-linux-x64-gnu': 1.7.0
      '@node-rs/argon2-linux-x64-musl': 1.7.0
      '@node-rs/argon2-wasm32-wasi': 1.7.0
      '@node-rs/argon2-win32-arm64-msvc': 1.7.0
      '@node-rs/argon2-win32-ia32-msvc': 1.7.0
      '@node-rs/argon2-win32-x64-msvc': 1.7.0

  '@node-rs/bcrypt-android-arm-eabi@1.9.0':
    optional: true

  '@node-rs/bcrypt-android-arm64@1.9.0':
    optional: true

  '@node-rs/bcrypt-darwin-arm64@1.9.0':
    optional: true

  '@node-rs/bcrypt-darwin-x64@1.9.0':
    optional: true

  '@node-rs/bcrypt-freebsd-x64@1.9.0':
    optional: true

  '@node-rs/bcrypt-linux-arm-gnueabihf@1.9.0':
    optional: true

  '@node-rs/bcrypt-linux-arm64-gnu@1.9.0':
    optional: true

  '@node-rs/bcrypt-linux-arm64-musl@1.9.0':
    optional: true

  '@node-rs/bcrypt-linux-x64-gnu@1.9.0':
    optional: true

  '@node-rs/bcrypt-linux-x64-musl@1.9.0':
    optional: true

  '@node-rs/bcrypt-wasm32-wasi@1.9.0':
    dependencies:
      '@emnapi/core': 0.45.0
      '@emnapi/runtime': 0.45.0
      '@tybys/wasm-util': 0.8.3
      memfs-browser: 3.5.10302
    optional: true

  '@node-rs/bcrypt-win32-arm64-msvc@1.9.0':
    optional: true

  '@node-rs/bcrypt-win32-ia32-msvc@1.9.0':
    optional: true

  '@node-rs/bcrypt-win32-x64-msvc@1.9.0':
    optional: true

  '@node-rs/bcrypt@1.9.0':
    optionalDependencies:
      '@node-rs/bcrypt-android-arm-eabi': 1.9.0
      '@node-rs/bcrypt-android-arm64': 1.9.0
      '@node-rs/bcrypt-darwin-arm64': 1.9.0
      '@node-rs/bcrypt-darwin-x64': 1.9.0
      '@node-rs/bcrypt-freebsd-x64': 1.9.0
      '@node-rs/bcrypt-linux-arm-gnueabihf': 1.9.0
      '@node-rs/bcrypt-linux-arm64-gnu': 1.9.0
      '@node-rs/bcrypt-linux-arm64-musl': 1.9.0
      '@node-rs/bcrypt-linux-x64-gnu': 1.9.0
      '@node-rs/bcrypt-linux-x64-musl': 1.9.0
      '@node-rs/bcrypt-wasm32-wasi': 1.9.0
      '@node-rs/bcrypt-win32-arm64-msvc': 1.9.0
      '@node-rs/bcrypt-win32-ia32-msvc': 1.9.0
      '@node-rs/bcrypt-win32-x64-msvc': 1.9.0

  '@supabase/auth-js@2.64.2':
    dependencies:
      '@supabase/node-fetch': 2.6.15

  '@supabase/functions-js@2.4.1':
    dependencies:
      '@supabase/node-fetch': 2.6.15

  '@supabase/node-fetch@2.6.15':
    dependencies:
      whatwg-url: 5.0.0

  '@supabase/postgrest-js@1.15.6':
    dependencies:
      '@supabase/node-fetch': 2.6.15

  '@supabase/realtime-js@2.10.1':
    dependencies:
      '@supabase/node-fetch': 2.6.15
      '@types/phoenix': 1.6.5
      '@types/ws': 8.5.10
      ws: 8.17.1
    transitivePeerDependencies:
      - bufferutil
      - utf-8-validate

  '@supabase/storage-js@2.6.0':
    dependencies:
      '@supabase/node-fetch': 2.6.15

  '@supabase/supabase-js@2.44.0':
    dependencies:
      '@supabase/auth-js': 2.64.2
      '@supabase/functions-js': 2.4.1
      '@supabase/node-fetch': 2.6.15
      '@supabase/postgrest-js': 1.15.6
      '@supabase/realtime-js': 2.10.1
      '@supabase/storage-js': 2.6.0
    transitivePeerDependencies:
      - bufferutil
      - utf-8-validate

  '@tybys/wasm-util@0.8.3':
    dependencies:
      tslib: 2.6.3
    optional: true

  '@types/node@20.14.9':
    dependencies:
      undici-types: 5.26.5

  '@types/phoenix@1.6.5': {}

  '@types/ws@8.5.10':
    dependencies:
      '@types/node': 20.14.9

  fs-monkey@1.0.6:
    optional: true

  jose@5.4.1: {}

  memfs-browser@3.5.10302:
    dependencies:
      memfs: 3.5.3
    optional: true

  memfs@3.5.3:
    dependencies:
      fs-monkey: 1.0.6
    optional: true

  oslo@1.2.0:
    dependencies:
      '@node-rs/argon2': 1.7.0
      '@node-rs/bcrypt': 1.9.0

  tr46@0.0.3: {}

  tslib@2.6.3:
    optional: true

  undici-types@5.26.5: {}

  webidl-conversions@3.0.1: {}

  whatwg-url@5.0.0:
    dependencies:
      tr46: 0.0.3
      webidl-conversions: 3.0.1

  ws@8.17.1: {}
